
Microsoft Visual Studio Solution File, Format Version 12.00
# Visual Studio 2012
Project("{FAE04EC0-301F-11D3-BF4B-00C04F79EFBC}") = "c_Shape_encapsulation_20200312", "c_Shape_encapsulation_20200312\c_Shape_encapsulation_20200312.csproj", "{C1226997-32E2-4A2A-A840-A4A2B1DA869C}"
EndProject
Project("{FAE04EC0-301F-11D3-BF4B-00C04F79EFBC}") = "c_Shape_method_20200320", "c_Shape_method_20200320\c_Shape_method_20200320.csproj", "{FE073B6D-6AF9-49C5-AEB8-2192967D4FAC}"
EndProject
Project("{FAE04EC0-301F-11D3-BF4B-00C04F79EFBC}") = "TCP_Socket_Client_TEST_20200321", "TCP_Socket_Client_TEST_20200321\TCP_Socket_Client_TEST_20200321.csproj", "{DDB43E8A-3F8D-4132-9D3D-D0DA88EA78FE}"
EndProject
Project("{FAE04EC0-301F-11D3-BF4B-00C04F79EFBC}") = "TCP_Socket_Server_TEST_20200321", "TCP_Socket_Server_TEST_20200321\TCP_Socket_Server_TEST_20200321.csproj", "{BA7262EA-7502-4229-A176-6FAD344A54C1}"
EndProject
Project("{FAE04EC0-301F-11D3-BF4B-00C04F79EFBC}") = "c_Shape_Nullable_20200323", "c_Shape_Nullable_20200323\c_Shape_Nullable_20200323.csproj", "{6A4F6A2B-42BE-41D4-9B3D-DF242EF1A6A1}"
EndProject
Project("{FAE04EC0-301F-11D3-BF4B-00C04F79EFBC}") = "c_Shape_class_20200327", "c_Shape_class_20200327\c_Shape_class_20200327.csproj", "{3EC24022-6E15-4273-B10E-97D13124D3BE}"
EndProject
Project("{FAE04EC0-301F-11D3-BF4B-00C04F79EFBC}") = "DataTypeConversion_20200327", "DataTypeConversion_20200327\DataTypeConversion_20200327.csproj", "{C8EC071A-D40D-41A4-93AE-04943339E374}"
EndProject
Project("{FAE04EC0-301F-11D3-BF4B-00C04F79EFBC}") = "MyTestDll", "MyTestDll\MyTestDll.csproj", "{B4D86C9D-0400-4D8F-823A-90F6D4B01469}"
EndProject
Project("{FAE04EC0-301F-11D3-BF4B-00C04F79EFBC}") = "MyTestDll_using", "MyTestDll_using\MyTestDll_using.csproj", "{57627667-A6F7-44CB-B128-4F5657778CD0}"
EndProject
Project("{FAE04EC0-301F-11D3-BF4B-00C04F79EFBC}") = "ConsoleApplication1", "ConsoleApplication1\ConsoleApplication1.csproj", "{67255231-8AAB-48A5-A4A2-440551DFFD1A}"
EndProject
Project("{FAE04EC0-301F-11D3-BF4B-00C04F79EFBC}") = "CSapp_S7NET", "CSapp_S7net\CSapp_S7NET.csproj", "{BA05ACD6-F86E-4166-AF64-568B8F953229}"
EndProject
Project("{FAE04EC0-301F-11D3-BF4B-00C04F79EFBC}") = "WFapp_S7NET", "WFapp_S7NET\WFapp_S7NET.csproj", "{CEC71BE7-B4CE-4D89-A9BB-C5DA2DB49EE3}"
EndProject
Project("{FAE04EC0-301F-11D3-BF4B-00C04F79EFBC}") = "WFapp_OpencvSharp_20200407", "WFapp_OpencvSharp_20200407\WFapp_OpencvSharp_20200407.csproj", "{86110BA6-9497-4FB2-B950-BBA9D4724AE2}"
EndProject
Project("{FAE04EC0-301F-11D3-BF4B-00C04F79EFBC}") = "c_Sharp_Array_20200413", "c_Sharp_Array_20200413\c_Sharp_Array_20200413.csproj", "{BAB9E291-9E4F-45F4-803C-628164433C4D}"
EndProject
Project("{FAE04EC0-301F-11D3-BF4B-00C04F79EFBC}") = "Interface_QuickSTART_20200418", "Interface_QuickSTART_20200418\Interface_QuickSTART_20200418.csproj", "{EF1CF8F8-74C6-4A8A-9A0C-625C6C431998}"
EndProject
Project("{FAE04EC0-301F-11D3-BF4B-00C04F79EFBC}") = "CSapp_XMP-6004_TEST_20200425", "CSapp_XMP-6004_TEST_20200425\CSapp_XMP-6004_TEST_20200425.csproj", "{8F737F88-376E-4724-97F7-E0764A9A16C8}"
EndProject
Project("{FAE04EC0-301F-11D3-BF4B-00C04F79EFBC}") = "c_Sharp_delegate_event_20200425", "c_Sharp_delegate_event_20200425\c_Sharp_delegate_event_20200425.csproj", "{67931E72-0625-42EE-B01E-3DF9852FF112}"
EndProject
Project("{FAE04EC0-301F-11D3-BF4B-00C04F79EFBC}") = "TCPsocket通讯", "TCPsocket通讯\TCPsocket通讯.csproj", "{D9320D0F-F7EF-4333-89A5-2AD53D0769A7}"
EndProject
Project("{FAE04EC0-301F-11D3-BF4B-00C04F79EFBC}") = "WFapp_TCPsocket_20200810", "WFapp_TCPsocket_20200810\WFapp_TCPsocket_20200810.csproj", "{D499BDF7-4B35-4C6D-8993-97D96102AFA1}"
EndProject
Project("{FAE04EC0-301F-11D3-BF4B-00C04F79EFBC}") = "WFapp_myDATABASE_20200815", "WFapp_myDATABASE_20200815\WFapp_myDATABASE_20200815.csproj", "{F4A6B3E6-FF9C-4F73-888E-0B84D91F065B}"
EndProject
Project("{FAE04EC0-301F-11D3-BF4B-00C04F79EFBC}") = "Thrift_cshape_Client", "Thrift_cshape_Client\Thrift_cshape_Client.csproj", "{CB5E26B8-7479-46DD-9061-69D814F5A463}"
EndProject
Project("{FAE04EC0-301F-11D3-BF4B-00C04F79EFBC}") = "Thrift_cshape_Server", "Thrift_cshape_Server\Thrift_cshape_Server.csproj", "{B8986D0D-6529-4A55-8FD9-AB3DF2877D6F}"
EndProject
Project("{FAE04EC0-301F-11D3-BF4B-00C04F79EFBC}") = "Thrift_cshape_Common", "Thrift_cshape_Common\Thrift_cshape_Common.csproj", "{3DE502B9-5397-4C21-99A2-A74EA13F1922}"
EndProject
Global
	GlobalSection(SolutionConfigurationPlatforms) = preSolution
		Debug|Any CPU = Debug|Any CPU
		Debug|Mixed Platforms = Debug|Mixed Platforms
		Debug|Win32 = Debug|Win32
		Release|Any CPU = Release|Any CPU
		Release|Mixed Platforms = Release|Mixed Platforms
		Release|Win32 = Release|Win32
	EndGlobalSection
	GlobalSection(ProjectConfigurationPlatforms) = postSolution
		{C1226997-32E2-4A2A-A840-A4A2B1DA869C}.Debug|Any CPU.ActiveCfg = Debug|Any CPU
		{C1226997-32E2-4A2A-A840-A4A2B1DA869C}.Debug|Any CPU.Build.0 = Debug|Any CPU
		{C1226997-32E2-4A2A-A840-A4A2B1DA869C}.Debug|Mixed Platforms.ActiveCfg = Debug|Any CPU
		{C1226997-32E2-4A2A-A840-A4A2B1DA869C}.Debug|Mixed Platforms.Build.0 = Debug|Any CPU
		{C1226997-32E2-4A2A-A840-A4A2B1DA869C}.Debug|Win32.ActiveCfg = Debug|Any CPU
		{C1226997-32E2-4A2A-A840-A4A2B1DA869C}.Release|Any CPU.ActiveCfg = Release|Any CPU
		{C1226997-32E2-4A2A-A840-A4A2B1DA869C}.Release|Any CPU.Build.0 = Release|Any CPU
		{C1226997-32E2-4A2A-A840-A4A2B1DA869C}.Release|Mixed Platforms.ActiveCfg = Release|Any CPU
		{C1226997-32E2-4A2A-A840-A4A2B1DA869C}.Release|Mixed Platforms.Build.0 = Release|Any CPU
		{C1226997-32E2-4A2A-A840-A4A2B1DA869C}.Release|Win32.ActiveCfg = Release|Any CPU
		{FE073B6D-6AF9-49C5-AEB8-2192967D4FAC}.Debug|Any CPU.ActiveCfg = Debug|Any CPU
		{FE073B6D-6AF9-49C5-AEB8-2192967D4FAC}.Debug|Any CPU.Build.0 = Debug|Any CPU
		{FE073B6D-6AF9-49C5-AEB8-2192967D4FAC}.Debug|Mixed Platforms.ActiveCfg = Debug|Any CPU
		{FE073B6D-6AF9-49C5-AEB8-2192967D4FAC}.Debug|Mixed Platforms.Build.0 = Debug|Any CPU
		{FE073B6D-6AF9-49C5-AEB8-2192967D4FAC}.Debug|Win32.ActiveCfg = Debug|Any CPU
		{FE073B6D-6AF9-49C5-AEB8-2192967D4FAC}.Release|Any CPU.ActiveCfg = Release|Any CPU
		{FE073B6D-6AF9-49C5-AEB8-2192967D4FAC}.Release|Any CPU.Build.0 = Release|Any CPU
		{FE073B6D-6AF9-49C5-AEB8-2192967D4FAC}.Release|Mixed Platforms.ActiveCfg = Release|Any CPU
		{FE073B6D-6AF9-49C5-AEB8-2192967D4FAC}.Release|Mixed Platforms.Build.0 = Release|Any CPU
		{FE073B6D-6AF9-49C5-AEB8-2192967D4FAC}.Release|Win32.ActiveCfg = Release|Any CPU
		{DDB43E8A-3F8D-4132-9D3D-D0DA88EA78FE}.Debug|Any CPU.ActiveCfg = Debug|Any CPU
		{DDB43E8A-3F8D-4132-9D3D-D0DA88EA78FE}.Debug|Any CPU.Build.0 = Debug|Any CPU
		{DDB43E8A-3F8D-4132-9D3D-D0DA88EA78FE}.Debug|Mixed Platforms.ActiveCfg = Debug|Any CPU
		{DDB43E8A-3F8D-4132-9D3D-D0DA88EA78FE}.Debug|Mixed Platforms.Build.0 = Debug|Any CPU
		{DDB43E8A-3F8D-4132-9D3D-D0DA88EA78FE}.Debug|Win32.ActiveCfg = Debug|Any CPU
		{DDB43E8A-3F8D-4132-9D3D-D0DA88EA78FE}.Release|Any CPU.ActiveCfg = Release|Any CPU
		{DDB43E8A-3F8D-4132-9D3D-D0DA88EA78FE}.Release|Any CPU.Build.0 = Release|Any CPU
		{DDB43E8A-3F8D-4132-9D3D-D0DA88EA78FE}.Release|Mixed Platforms.ActiveCfg = Release|Any CPU
		{DDB43E8A-3F8D-4132-9D3D-D0DA88EA78FE}.Release|Mixed Platforms.Build.0 = Release|Any CPU
		{DDB43E8A-3F8D-4132-9D3D-D0DA88EA78FE}.Release|Win32.ActiveCfg = Release|Any CPU
		{BA7262EA-7502-4229-A176-6FAD344A54C1}.Debug|Any CPU.ActiveCfg = Debug|Any CPU
		{BA7262EA-7502-4229-A176-6FAD344A54C1}.Debug|Any CPU.Build.0 = Debug|Any CPU
		{BA7262EA-7502-4229-A176-6FAD344A54C1}.Debug|Mixed Platforms.ActiveCfg = Debug|Any CPU
		{BA7262EA-7502-4229-A176-6FAD344A54C1}.Debug|Mixed Platforms.Build.0 = Debug|Any CPU
		{BA7262EA-7502-4229-A176-6FAD344A54C1}.Debug|Win32.ActiveCfg = Debug|Any CPU
		{BA7262EA-7502-4229-A176-6FAD344A54C1}.Release|Any CPU.ActiveCfg = Release|Any CPU
		{BA7262EA-7502-4229-A176-6FAD344A54C1}.Release|Any CPU.Build.0 = Release|Any CPU
		{BA7262EA-7502-4229-A176-6FAD344A54C1}.Release|Mixed Platforms.ActiveCfg = Release|Any CPU
		{BA7262EA-7502-4229-A176-6FAD344A54C1}.Release|Mixed Platforms.Build.0 = Release|Any CPU
		{BA7262EA-7502-4229-A176-6FAD344A54C1}.Release|Win32.ActiveCfg = Release|Any CPU
		{6A4F6A2B-42BE-41D4-9B3D-DF242EF1A6A1}.Debug|Any CPU.ActiveCfg = Debug|Any CPU
		{6A4F6A2B-42BE-41D4-9B3D-DF242EF1A6A1}.Debug|Any CPU.Build.0 = Debug|Any CPU
		{6A4F6A2B-42BE-41D4-9B3D-DF242EF1A6A1}.Debug|Mixed Platforms.ActiveCfg = Debug|Any CPU
		{6A4F6A2B-42BE-41D4-9B3D-DF242EF1A6A1}.Debug|Mixed Platforms.Build.0 = Debug|Any CPU
		{6A4F6A2B-42BE-41D4-9B3D-DF242EF1A6A1}.Debug|Win32.ActiveCfg = Debug|Any CPU
		{6A4F6A2B-42BE-41D4-9B3D-DF242EF1A6A1}.Release|Any CPU.ActiveCfg = Release|Any CPU
		{6A4F6A2B-42BE-41D4-9B3D-DF242EF1A6A1}.Release|Any CPU.Build.0 = Release|Any CPU
		{6A4F6A2B-42BE-41D4-9B3D-DF242EF1A6A1}.Release|Mixed Platforms.ActiveCfg = Release|Any CPU
		{6A4F6A2B-42BE-41D4-9B3D-DF242EF1A6A1}.Release|Mixed Platforms.Build.0 = Release|Any CPU
		{6A4F6A2B-42BE-41D4-9B3D-DF242EF1A6A1}.Release|Win32.ActiveCfg = Release|Any CPU
		{3EC24022-6E15-4273-B10E-97D13124D3BE}.Debug|Any CPU.ActiveCfg = Debug|Any CPU
		{3EC24022-6E15-4273-B10E-97D13124D3BE}.Debug|Any CPU.Build.0 = Debug|Any CPU
		{3EC24022-6E15-4273-B10E-97D13124D3BE}.Debug|Mixed Platforms.ActiveCfg = Debug|Any CPU
		{3EC24022-6E15-4273-B10E-97D13124D3BE}.Debug|Mixed Platforms.Build.0 = Debug|Any CPU
		{3EC24022-6E15-4273-B10E-97D13124D3BE}.Debug|Win32.ActiveCfg = Debug|Any CPU
		{3EC24022-6E15-4273-B10E-97D13124D3BE}.Release|Any CPU.ActiveCfg = Release|Any CPU
		{3EC24022-6E15-4273-B10E-97D13124D3BE}.Release|Any CPU.Build.0 = Release|Any CPU
		{3EC24022-6E15-4273-B10E-97D13124D3BE}.Release|Mixed Platforms.ActiveCfg = Release|Any CPU
		{3EC24022-6E15-4273-B10E-97D13124D3BE}.Release|Mixed Platforms.Build.0 = Release|Any CPU
		{3EC24022-6E15-4273-B10E-97D13124D3BE}.Release|Win32.ActiveCfg = Release|Any CPU
		{C8EC071A-D40D-41A4-93AE-04943339E374}.Debug|Any CPU.ActiveCfg = Debug|Any CPU
		{C8EC071A-D40D-41A4-93AE-04943339E374}.Debug|Any CPU.Build.0 = Debug|Any CPU
		{C8EC071A-D40D-41A4-93AE-04943339E374}.Debug|Mixed Platforms.ActiveCfg = Debug|Any CPU
		{C8EC071A-D40D-41A4-93AE-04943339E374}.Debug|Mixed Platforms.Build.0 = Debug|Any CPU
		{C8EC071A-D40D-41A4-93AE-04943339E374}.Debug|Win32.ActiveCfg = Debug|Any CPU
		{C8EC071A-D40D-41A4-93AE-04943339E374}.Release|Any CPU.ActiveCfg = Release|Any CPU
		{C8EC071A-D40D-41A4-93AE-04943339E374}.Release|Any CPU.Build.0 = Release|Any CPU
		{C8EC071A-D40D-41A4-93AE-04943339E374}.Release|Mixed Platforms.ActiveCfg = Release|Any CPU
		{C8EC071A-D40D-41A4-93AE-04943339E374}.Release|Mixed Platforms.Build.0 = Release|Any CPU
		{C8EC071A-D40D-41A4-93AE-04943339E374}.Release|Win32.ActiveCfg = Release|Any CPU
		{B4D86C9D-0400-4D8F-823A-90F6D4B01469}.Debug|Any CPU.ActiveCfg = Debug|Any CPU
		{B4D86C9D-0400-4D8F-823A-90F6D4B01469}.Debug|Any CPU.Build.0 = Debug|Any CPU
		{B4D86C9D-0400-4D8F-823A-90F6D4B01469}.Debug|Mixed Platforms.ActiveCfg = Debug|Any CPU
		{B4D86C9D-0400-4D8F-823A-90F6D4B01469}.Debug|Mixed Platforms.Build.0 = Debug|Any CPU
		{B4D86C9D-0400-4D8F-823A-90F6D4B01469}.Debug|Win32.ActiveCfg = Debug|Any CPU
		{B4D86C9D-0400-4D8F-823A-90F6D4B01469}.Release|Any CPU.ActiveCfg = Release|Any CPU
		{B4D86C9D-0400-4D8F-823A-90F6D4B01469}.Release|Any CPU.Build.0 = Release|Any CPU
		{B4D86C9D-0400-4D8F-823A-90F6D4B01469}.Release|Mixed Platforms.ActiveCfg = Release|Any CPU
		{B4D86C9D-0400-4D8F-823A-90F6D4B01469}.Release|Mixed Platforms.Build.0 = Release|Any CPU
		{B4D86C9D-0400-4D8F-823A-90F6D4B01469}.Release|Win32.ActiveCfg = Release|Any CPU
		{57627667-A6F7-44CB-B128-4F5657778CD0}.Debug|Any CPU.ActiveCfg = Debug|Any CPU
		{57627667-A6F7-44CB-B128-4F5657778CD0}.Debug|Any CPU.Build.0 = Debug|Any CPU
		{57627667-A6F7-44CB-B128-4F5657778CD0}.Debug|Mixed Platforms.ActiveCfg = Debug|Any CPU
		{57627667-A6F7-44CB-B128-4F5657778CD0}.Debug|Mixed Platforms.Build.0 = Debug|Any CPU
		{57627667-A6F7-44CB-B128-4F5657778CD0}.Debug|Win32.ActiveCfg = Debug|Any CPU
		{57627667-A6F7-44CB-B128-4F5657778CD0}.Release|Any CPU.ActiveCfg = Release|Any CPU
		{57627667-A6F7-44CB-B128-4F5657778CD0}.Release|Any CPU.Build.0 = Release|Any CPU
		{57627667-A6F7-44CB-B128-4F5657778CD0}.Release|Mixed Platforms.ActiveCfg = Release|Any CPU
		{57627667-A6F7-44CB-B128-4F5657778CD0}.Release|Mixed Platforms.Build.0 = Release|Any CPU
		{57627667-A6F7-44CB-B128-4F5657778CD0}.Release|Win32.ActiveCfg = Release|Any CPU
		{67255231-8AAB-48A5-A4A2-440551DFFD1A}.Debug|Any CPU.ActiveCfg = Debug|Any CPU
		{67255231-8AAB-48A5-A4A2-440551DFFD1A}.Debug|Any CPU.Build.0 = Debug|Any CPU
		{67255231-8AAB-48A5-A4A2-440551DFFD1A}.Debug|Mixed Platforms.ActiveCfg = Debug|Any CPU
		{67255231-8AAB-48A5-A4A2-440551DFFD1A}.Debug|Mixed Platforms.Build.0 = Debug|Any CPU
		{67255231-8AAB-48A5-A4A2-440551DFFD1A}.Debug|Win32.ActiveCfg = Debug|Any CPU
		{67255231-8AAB-48A5-A4A2-440551DFFD1A}.Release|Any CPU.ActiveCfg = Release|Any CPU
		{67255231-8AAB-48A5-A4A2-440551DFFD1A}.Release|Any CPU.Build.0 = Release|Any CPU
		{67255231-8AAB-48A5-A4A2-440551DFFD1A}.Release|Mixed Platforms.ActiveCfg = Release|Any CPU
		{67255231-8AAB-48A5-A4A2-440551DFFD1A}.Release|Mixed Platforms.Build.0 = Release|Any CPU
		{67255231-8AAB-48A5-A4A2-440551DFFD1A}.Release|Win32.ActiveCfg = Release|Any CPU
		{BA05ACD6-F86E-4166-AF64-568B8F953229}.Debug|Any CPU.ActiveCfg = Debug|Any CPU
		{BA05ACD6-F86E-4166-AF64-568B8F953229}.Debug|Any CPU.Build.0 = Debug|Any CPU
		{BA05ACD6-F86E-4166-AF64-568B8F953229}.Debug|Mixed Platforms.ActiveCfg = Debug|Any CPU
		{BA05ACD6-F86E-4166-AF64-568B8F953229}.Debug|Mixed Platforms.Build.0 = Debug|Any CPU
		{BA05ACD6-F86E-4166-AF64-568B8F953229}.Debug|Win32.ActiveCfg = Debug|Any CPU
		{BA05ACD6-F86E-4166-AF64-568B8F953229}.Release|Any CPU.ActiveCfg = Release|Any CPU
		{BA05ACD6-F86E-4166-AF64-568B8F953229}.Release|Any CPU.Build.0 = Release|Any CPU
		{BA05ACD6-F86E-4166-AF64-568B8F953229}.Release|Mixed Platforms.ActiveCfg = Release|Any CPU
		{BA05ACD6-F86E-4166-AF64-568B8F953229}.Release|Mixed Platforms.Build.0 = Release|Any CPU
		{BA05ACD6-F86E-4166-AF64-568B8F953229}.Release|Win32.ActiveCfg = Release|Any CPU
		{CEC71BE7-B4CE-4D89-A9BB-C5DA2DB49EE3}.Debug|Any CPU.ActiveCfg = Debug|Any CPU
		{CEC71BE7-B4CE-4D89-A9BB-C5DA2DB49EE3}.Debug|Any CPU.Build.0 = Debug|Any CPU
		{CEC71BE7-B4CE-4D89-A9BB-C5DA2DB49EE3}.Debug|Mixed Platforms.ActiveCfg = Debug|Any CPU
		{CEC71BE7-B4CE-4D89-A9BB-C5DA2DB49EE3}.Debug|Mixed Platforms.Build.0 = Debug|Any CPU
		{CEC71BE7-B4CE-4D89-A9BB-C5DA2DB49EE3}.Debug|Win32.ActiveCfg = Debug|Any CPU
		{CEC71BE7-B4CE-4D89-A9BB-C5DA2DB49EE3}.Release|Any CPU.ActiveCfg = Release|Any CPU
		{CEC71BE7-B4CE-4D89-A9BB-C5DA2DB49EE3}.Release|Any CPU.Build.0 = Release|Any CPU
		{CEC71BE7-B4CE-4D89-A9BB-C5DA2DB49EE3}.Release|Mixed Platforms.ActiveCfg = Release|Any CPU
		{CEC71BE7-B4CE-4D89-A9BB-C5DA2DB49EE3}.Release|Mixed Platforms.Build.0 = Release|Any CPU
		{CEC71BE7-B4CE-4D89-A9BB-C5DA2DB49EE3}.Release|Win32.ActiveCfg = Release|Any CPU
		{86110BA6-9497-4FB2-B950-BBA9D4724AE2}.Debug|Any CPU.ActiveCfg = Debug|Any CPU
		{86110BA6-9497-4FB2-B950-BBA9D4724AE2}.Debug|Any CPU.Build.0 = Debug|Any CPU
		{86110BA6-9497-4FB2-B950-BBA9D4724AE2}.Debug|Mixed Platforms.ActiveCfg = Debug|Any CPU
		{86110BA6-9497-4FB2-B950-BBA9D4724AE2}.Debug|Mixed Platforms.Build.0 = Debug|Any CPU
		{86110BA6-9497-4FB2-B950-BBA9D4724AE2}.Debug|Win32.ActiveCfg = Debug|Any CPU
		{86110BA6-9497-4FB2-B950-BBA9D4724AE2}.Release|Any CPU.ActiveCfg = Release|Any CPU
		{86110BA6-9497-4FB2-B950-BBA9D4724AE2}.Release|Any CPU.Build.0 = Release|Any CPU
		{86110BA6-9497-4FB2-B950-BBA9D4724AE2}.Release|Mixed Platforms.ActiveCfg = Release|Any CPU
		{86110BA6-9497-4FB2-B950-BBA9D4724AE2}.Release|Mixed Platforms.Build.0 = Release|Any CPU
		{86110BA6-9497-4FB2-B950-BBA9D4724AE2}.Release|Win32.ActiveCfg = Release|Any CPU
		{BAB9E291-9E4F-45F4-803C-628164433C4D}.Debug|Any CPU.ActiveCfg = Debug|Any CPU
		{BAB9E291-9E4F-45F4-803C-628164433C4D}.Debug|Any CPU.Build.0 = Debug|Any CPU
		{BAB9E291-9E4F-45F4-803C-628164433C4D}.Debug|Mixed Platforms.ActiveCfg = Debug|Any CPU
		{BAB9E291-9E4F-45F4-803C-628164433C4D}.Debug|Mixed Platforms.Build.0 = Debug|Any CPU
		{BAB9E291-9E4F-45F4-803C-628164433C4D}.Debug|Win32.ActiveCfg = Debug|Any CPU
		{BAB9E291-9E4F-45F4-803C-628164433C4D}.Release|Any CPU.ActiveCfg = Release|Any CPU
		{BAB9E291-9E4F-45F4-803C-628164433C4D}.Release|Any CPU.Build.0 = Release|Any CPU
		{BAB9E291-9E4F-45F4-803C-628164433C4D}.Release|Mixed Platforms.ActiveCfg = Release|Any CPU
		{BAB9E291-9E4F-45F4-803C-628164433C4D}.Release|Mixed Platforms.Build.0 = Release|Any CPU
		{BAB9E291-9E4F-45F4-803C-628164433C4D}.Release|Win32.ActiveCfg = Release|Any CPU
		{EF1CF8F8-74C6-4A8A-9A0C-625C6C431998}.Debug|Any CPU.ActiveCfg = Debug|Any CPU
		{EF1CF8F8-74C6-4A8A-9A0C-625C6C431998}.Debug|Any CPU.Build.0 = Debug|Any CPU
		{EF1CF8F8-74C6-4A8A-9A0C-625C6C431998}.Debug|Mixed Platforms.ActiveCfg = Debug|Any CPU
		{EF1CF8F8-74C6-4A8A-9A0C-625C6C431998}.Debug|Mixed Platforms.Build.0 = Debug|Any CPU
		{EF1CF8F8-74C6-4A8A-9A0C-625C6C431998}.Debug|Win32.ActiveCfg = Debug|Any CPU
		{EF1CF8F8-74C6-4A8A-9A0C-625C6C431998}.Release|Any CPU.ActiveCfg = Release|Any CPU
		{EF1CF8F8-74C6-4A8A-9A0C-625C6C431998}.Release|Any CPU.Build.0 = Release|Any CPU
		{EF1CF8F8-74C6-4A8A-9A0C-625C6C431998}.Release|Mixed Platforms.ActiveCfg = Release|Any CPU
		{EF1CF8F8-74C6-4A8A-9A0C-625C6C431998}.Release|Mixed Platforms.Build.0 = Release|Any CPU
		{EF1CF8F8-74C6-4A8A-9A0C-625C6C431998}.Release|Win32.ActiveCfg = Release|Any CPU
		{8F737F88-376E-4724-97F7-E0764A9A16C8}.Debug|Any CPU.ActiveCfg = Debug|Any CPU
		{8F737F88-376E-4724-97F7-E0764A9A16C8}.Debug|Any CPU.Build.0 = Debug|Any CPU
		{8F737F88-376E-4724-97F7-E0764A9A16C8}.Debug|Mixed Platforms.ActiveCfg = Debug|Any CPU
		{8F737F88-376E-4724-97F7-E0764A9A16C8}.Debug|Mixed Platforms.Build.0 = Debug|Any CPU
		{8F737F88-376E-4724-97F7-E0764A9A16C8}.Debug|Win32.ActiveCfg = Debug|Any CPU
		{8F737F88-376E-4724-97F7-E0764A9A16C8}.Release|Any CPU.ActiveCfg = Release|Any CPU
		{8F737F88-376E-4724-97F7-E0764A9A16C8}.Release|Any CPU.Build.0 = Release|Any CPU
		{8F737F88-376E-4724-97F7-E0764A9A16C8}.Release|Mixed Platforms.ActiveCfg = Release|Any CPU
		{8F737F88-376E-4724-97F7-E0764A9A16C8}.Release|Mixed Platforms.Build.0 = Release|Any CPU
		{8F737F88-376E-4724-97F7-E0764A9A16C8}.Release|Win32.ActiveCfg = Release|Any CPU
		{67931E72-0625-42EE-B01E-3DF9852FF112}.Debug|Any CPU.ActiveCfg = Debug|Any CPU
		{67931E72-0625-42EE-B01E-3DF9852FF112}.Debug|Any CPU.Build.0 = Debug|Any CPU
		{67931E72-0625-42EE-B01E-3DF9852FF112}.Debug|Mixed Platforms.ActiveCfg = Debug|Any CPU
		{67931E72-0625-42EE-B01E-3DF9852FF112}.Debug|Mixed Platforms.Build.0 = Debug|Any CPU
		{67931E72-0625-42EE-B01E-3DF9852FF112}.Debug|Win32.ActiveCfg = Debug|Any CPU
		{67931E72-0625-42EE-B01E-3DF9852FF112}.Release|Any CPU.ActiveCfg = Release|Any CPU
		{67931E72-0625-42EE-B01E-3DF9852FF112}.Release|Any CPU.Build.0 = Release|Any CPU
		{67931E72-0625-42EE-B01E-3DF9852FF112}.Release|Mixed Platforms.ActiveCfg = Release|Any CPU
		{67931E72-0625-42EE-B01E-3DF9852FF112}.Release|Mixed Platforms.Build.0 = Release|Any CPU
		{67931E72-0625-42EE-B01E-3DF9852FF112}.Release|Win32.ActiveCfg = Release|Any CPU
		{D9320D0F-F7EF-4333-89A5-2AD53D0769A7}.Debug|Any CPU.ActiveCfg = Debug|Any CPU
		{D9320D0F-F7EF-4333-89A5-2AD53D0769A7}.Debug|Any CPU.Build.0 = Debug|Any CPU
		{D9320D0F-F7EF-4333-89A5-2AD53D0769A7}.Debug|Mixed Platforms.ActiveCfg = Debug|Any CPU
		{D9320D0F-F7EF-4333-89A5-2AD53D0769A7}.Debug|Mixed Platforms.Build.0 = Debug|Any CPU
		{D9320D0F-F7EF-4333-89A5-2AD53D0769A7}.Debug|Win32.ActiveCfg = Debug|Any CPU
		{D9320D0F-F7EF-4333-89A5-2AD53D0769A7}.Release|Any CPU.ActiveCfg = Release|Any CPU
		{D9320D0F-F7EF-4333-89A5-2AD53D0769A7}.Release|Any CPU.Build.0 = Release|Any CPU
		{D9320D0F-F7EF-4333-89A5-2AD53D0769A7}.Release|Mixed Platforms.ActiveCfg = Release|Any CPU
		{D9320D0F-F7EF-4333-89A5-2AD53D0769A7}.Release|Mixed Platforms.Build.0 = Release|Any CPU
		{D9320D0F-F7EF-4333-89A5-2AD53D0769A7}.Release|Win32.ActiveCfg = Release|Any CPU
		{D499BDF7-4B35-4C6D-8993-97D96102AFA1}.Debug|Any CPU.ActiveCfg = Debug|Any CPU
		{D499BDF7-4B35-4C6D-8993-97D96102AFA1}.Debug|Any CPU.Build.0 = Debug|Any CPU
		{D499BDF7-4B35-4C6D-8993-97D96102AFA1}.Debug|Mixed Platforms.ActiveCfg = Debug|Any CPU
		{D499BDF7-4B35-4C6D-8993-97D96102AFA1}.Debug|Mixed Platforms.Build.0 = Debug|Any CPU
		{D499BDF7-4B35-4C6D-8993-97D96102AFA1}.Debug|Win32.ActiveCfg = Debug|Any CPU
		{D499BDF7-4B35-4C6D-8993-97D96102AFA1}.Release|Any CPU.ActiveCfg = Release|Any CPU
		{D499BDF7-4B35-4C6D-8993-97D96102AFA1}.Release|Any CPU.Build.0 = Release|Any CPU
		{D499BDF7-4B35-4C6D-8993-97D96102AFA1}.Release|Mixed Platforms.ActiveCfg = Release|Any CPU
		{D499BDF7-4B35-4C6D-8993-97D96102AFA1}.Release|Mixed Platforms.Build.0 = Release|Any CPU
		{D499BDF7-4B35-4C6D-8993-97D96102AFA1}.Release|Win32.ActiveCfg = Release|Any CPU
		{F4A6B3E6-FF9C-4F73-888E-0B84D91F065B}.Debug|Any CPU.ActiveCfg = Debug|Any CPU
		{F4A6B3E6-FF9C-4F73-888E-0B84D91F065B}.Debug|Any CPU.Build.0 = Debug|Any CPU
		{F4A6B3E6-FF9C-4F73-888E-0B84D91F065B}.Debug|Mixed Platforms.ActiveCfg = Debug|Any CPU
		{F4A6B3E6-FF9C-4F73-888E-0B84D91F065B}.Debug|Mixed Platforms.Build.0 = Debug|Any CPU
		{F4A6B3E6-FF9C-4F73-888E-0B84D91F065B}.Debug|Win32.ActiveCfg = Debug|Any CPU
		{F4A6B3E6-FF9C-4F73-888E-0B84D91F065B}.Release|Any CPU.ActiveCfg = Release|Any CPU
		{F4A6B3E6-FF9C-4F73-888E-0B84D91F065B}.Release|Any CPU.Build.0 = Release|Any CPU
		{F4A6B3E6-FF9C-4F73-888E-0B84D91F065B}.Release|Mixed Platforms.ActiveCfg = Release|Any CPU
		{F4A6B3E6-FF9C-4F73-888E-0B84D91F065B}.Release|Mixed Platforms.Build.0 = Release|Any CPU
		{F4A6B3E6-FF9C-4F73-888E-0B84D91F065B}.Release|Win32.ActiveCfg = Release|Any CPU
		{CB5E26B8-7479-46DD-9061-69D814F5A463}.Debug|Any CPU.ActiveCfg = Debug|Any CPU
		{CB5E26B8-7479-46DD-9061-69D814F5A463}.Debug|Any CPU.Build.0 = Debug|Any CPU
		{CB5E26B8-7479-46DD-9061-69D814F5A463}.Debug|Mixed Platforms.ActiveCfg = Debug|Any CPU
		{CB5E26B8-7479-46DD-9061-69D814F5A463}.Debug|Mixed Platforms.Build.0 = Debug|Any CPU
		{CB5E26B8-7479-46DD-9061-69D814F5A463}.Debug|Win32.ActiveCfg = Debug|Any CPU
		{CB5E26B8-7479-46DD-9061-69D814F5A463}.Release|Any CPU.ActiveCfg = Release|Any CPU
		{CB5E26B8-7479-46DD-9061-69D814F5A463}.Release|Any CPU.Build.0 = Release|Any CPU
		{CB5E26B8-7479-46DD-9061-69D814F5A463}.Release|Mixed Platforms.ActiveCfg = Release|Any CPU
		{CB5E26B8-7479-46DD-9061-69D814F5A463}.Release|Mixed Platforms.Build.0 = Release|Any CPU
		{CB5E26B8-7479-46DD-9061-69D814F5A463}.Release|Win32.ActiveCfg = Release|Any CPU
		{B8986D0D-6529-4A55-8FD9-AB3DF2877D6F}.Debug|Any CPU.ActiveCfg = Debug|Any CPU
		{B8986D0D-6529-4A55-8FD9-AB3DF2877D6F}.Debug|Any CPU.Build.0 = Debug|Any CPU
		{B8986D0D-6529-4A55-8FD9-AB3DF2877D6F}.Debug|Mixed Platforms.ActiveCfg = Debug|Any CPU
		{B8986D0D-6529-4A55-8FD9-AB3DF2877D6F}.Debug|Mixed Platforms.Build.0 = Debug|Any CPU
		{B8986D0D-6529-4A55-8FD9-AB3DF2877D6F}.Debug|Win32.ActiveCfg = Debug|Any CPU
		{B8986D0D-6529-4A55-8FD9-AB3DF2877D6F}.Release|Any CPU.ActiveCfg = Release|Any CPU
		{B8986D0D-6529-4A55-8FD9-AB3DF2877D6F}.Release|Any CPU.Build.0 = Release|Any CPU
		{B8986D0D-6529-4A55-8FD9-AB3DF2877D6F}.Release|Mixed Platforms.ActiveCfg = Release|Any CPU
		{B8986D0D-6529-4A55-8FD9-AB3DF2877D6F}.Release|Mixed Platforms.Build.0 = Release|Any CPU
		{B8986D0D-6529-4A55-8FD9-AB3DF2877D6F}.Release|Win32.ActiveCfg = Release|Any CPU
		{3DE502B9-5397-4C21-99A2-A74EA13F1922}.Debug|Any CPU.ActiveCfg = Debug|Any CPU
		{3DE502B9-5397-4C21-99A2-A74EA13F1922}.Debug|Any CPU.Build.0 = Debug|Any CPU
		{3DE502B9-5397-4C21-99A2-A74EA13F1922}.Debug|Mixed Platforms.ActiveCfg = Debug|Any CPU
		{3DE502B9-5397-4C21-99A2-A74EA13F1922}.Debug|Mixed Platforms.Build.0 = Debug|Any CPU
		{3DE502B9-5397-4C21-99A2-A74EA13F1922}.Debug|Win32.ActiveCfg = Debug|Any CPU
		{3DE502B9-5397-4C21-99A2-A74EA13F1922}.Release|Any CPU.ActiveCfg = Release|Any CPU
		{3DE502B9-5397-4C21-99A2-A74EA13F1922}.Release|Any CPU.Build.0 = Release|Any CPU
		{3DE502B9-5397-4C21-99A2-A74EA13F1922}.Release|Mixed Platforms.ActiveCfg = Release|Any CPU
		{3DE502B9-5397-4C21-99A2-A74EA13F1922}.Release|Mixed Platforms.Build.0 = Release|Any CPU
		{3DE502B9-5397-4C21-99A2-A74EA13F1922}.Release|Win32.ActiveCfg = Release|Any CPU
	EndGlobalSection
	GlobalSection(SolutionProperties) = preSolution
		HideSolutionNode = FALSE
	EndGlobalSection
EndGlobal
