
Microsoft Visual Studio Solution File, Format Version 12.00
# Visual Studio 2012
Project("{FAE04EC0-301F-11D3-BF4B-00C04F79EFBC}") = "c_Shape_encapsulation_20200312", "c_Shape_encapsulation_20200312\c_Shape_encapsulation_20200312.csproj", "{C1226997-32E2-4A2A-A840-A4A2B1DA869C}"
EndProject
Project("{FAE04EC0-301F-11D3-BF4B-00C04F79EFBC}") = "c_Shape_method_20200320", "c_Shape_method_20200320\c_Shape_method_20200320.csproj", "{FE073B6D-6AF9-49C5-AEB8-2192967D4FAC}"
EndProject
Project("{FAE04EC0-301F-11D3-BF4B-00C04F79EFBC}") = "TCP_Socket_Client_TEST_20200321", "TCP_Socket_Client_TEST_20200321\TCP_Socket_Client_TEST_20200321.csproj", "{DDB43E8A-3F8D-4132-9D3D-D0DA88EA78FE}"
EndProject
Project("{FAE04EC0-301F-11D3-BF4B-00C04F79EFBC}") = "TCP_Socket_Server_TEST_20200321", "TCP_Socket_Server_TEST_20200321\TCP_Socket_Server_TEST_20200321.csproj", "{BA7262EA-7502-4229-A176-6FAD344A54C1}"
EndProject
Project("{FAE04EC0-301F-11D3-BF4B-00C04F79EFBC}") = "c_Shape_Nullable_20200323", "c_Shape_Nullable_20200323\c_Shape_Nullable_20200323.csproj", "{6A4F6A2B-42BE-41D4-9B3D-DF242EF1A6A1}"
EndProject
Project("{FAE04EC0-301F-11D3-BF4B-00C04F79EFBC}") = "c_Shape_class_20200327", "c_Shape_class_20200327\c_Shape_class_20200327.csproj", "{3EC24022-6E15-4273-B10E-97D13124D3BE}"
EndProject
Project("{FAE04EC0-301F-11D3-BF4B-00C04F79EFBC}") = "ConsoleApplication1", "ConsoleApplication1\ConsoleApplication1.csproj", "{67255231-8AAB-48A5-A4A2-440551DFFD1A}"
EndProject
Project("{FAE04EC0-301F-11D3-BF4B-00C04F79EFBC}") = "WindowsFormsApplication1", "WindowsFormsApplication1\WindowsFormsApplication1.csproj", "{300AB3BA-5DC7-4365-8B4D-38EFF772B361}"
EndProject
Global
	GlobalSection(SolutionConfigurationPlatforms) = preSolution
		Debug|Any CPU = Debug|Any CPU
		Release|Any CPU = Release|Any CPU
	EndGlobalSection
	GlobalSection(ProjectConfigurationPlatforms) = postSolution
		{C1226997-32E2-4A2A-A840-A4A2B1DA869C}.Debug|Any CPU.ActiveCfg = Debug|Any CPU
		{C1226997-32E2-4A2A-A840-A4A2B1DA869C}.Debug|Any CPU.Build.0 = Debug|Any CPU
		{C1226997-32E2-4A2A-A840-A4A2B1DA869C}.Release|Any CPU.ActiveCfg = Release|Any CPU
		{C1226997-32E2-4A2A-A840-A4A2B1DA869C}.Release|Any CPU.Build.0 = Release|Any CPU
		{FE073B6D-6AF9-49C5-AEB8-2192967D4FAC}.Debug|Any CPU.ActiveCfg = Debug|Any CPU
		{FE073B6D-6AF9-49C5-AEB8-2192967D4FAC}.Debug|Any CPU.Build.0 = Debug|Any CPU
		{FE073B6D-6AF9-49C5-AEB8-2192967D4FAC}.Release|Any CPU.ActiveCfg = Release|Any CPU
		{FE073B6D-6AF9-49C5-AEB8-2192967D4FAC}.Release|Any CPU.Build.0 = Release|Any CPU
		{DDB43E8A-3F8D-4132-9D3D-D0DA88EA78FE}.Debug|Any CPU.ActiveCfg = Debug|Any CPU
		{DDB43E8A-3F8D-4132-9D3D-D0DA88EA78FE}.Debug|Any CPU.Build.0 = Debug|Any CPU
		{DDB43E8A-3F8D-4132-9D3D-D0DA88EA78FE}.Release|Any CPU.ActiveCfg = Release|Any CPU
		{DDB43E8A-3F8D-4132-9D3D-D0DA88EA78FE}.Release|Any CPU.Build.0 = Release|Any CPU
		{BA7262EA-7502-4229-A176-6FAD344A54C1}.Debug|Any CPU.ActiveCfg = Debug|Any CPU
		{BA7262EA-7502-4229-A176-6FAD344A54C1}.Debug|Any CPU.Build.0 = Debug|Any CPU
		{BA7262EA-7502-4229-A176-6FAD344A54C1}.Release|Any CPU.ActiveCfg = Release|Any CPU
		{BA7262EA-7502-4229-A176-6FAD344A54C1}.Release|Any CPU.Build.0 = Release|Any CPU
		{6A4F6A2B-42BE-41D4-9B3D-DF242EF1A6A1}.Debug|Any CPU.ActiveCfg = Debug|Any CPU
		{6A4F6A2B-42BE-41D4-9B3D-DF242EF1A6A1}.Debug|Any CPU.Build.0 = Debug|Any CPU
		{6A4F6A2B-42BE-41D4-9B3D-DF242EF1A6A1}.Release|Any CPU.ActiveCfg = Release|Any CPU
		{6A4F6A2B-42BE-41D4-9B3D-DF242EF1A6A1}.Release|Any CPU.Build.0 = Release|Any CPU
		{3EC24022-6E15-4273-B10E-97D13124D3BE}.Debug|Any CPU.ActiveCfg = Debug|Any CPU
		{3EC24022-6E15-4273-B10E-97D13124D3BE}.Debug|Any CPU.Build.0 = Debug|Any CPU
		{3EC24022-6E15-4273-B10E-97D13124D3BE}.Release|Any CPU.ActiveCfg = Release|Any CPU
		{3EC24022-6E15-4273-B10E-97D13124D3BE}.Release|Any CPU.Build.0 = Release|Any CPU
		{67255231-8AAB-48A5-A4A2-440551DFFD1A}.Debug|Any CPU.ActiveCfg = Debug|Any CPU
		{67255231-8AAB-48A5-A4A2-440551DFFD1A}.Debug|Any CPU.Build.0 = Debug|Any CPU
		{67255231-8AAB-48A5-A4A2-440551DFFD1A}.Release|Any CPU.ActiveCfg = Release|Any CPU
		{67255231-8AAB-48A5-A4A2-440551DFFD1A}.Release|Any CPU.Build.0 = Release|Any CPU
		{300AB3BA-5DC7-4365-8B4D-38EFF772B361}.Debug|Any CPU.ActiveCfg = Debug|Any CPU
		{300AB3BA-5DC7-4365-8B4D-38EFF772B361}.Debug|Any CPU.Build.0 = Debug|Any CPU
		{300AB3BA-5DC7-4365-8B4D-38EFF772B361}.Release|Any CPU.ActiveCfg = Release|Any CPU
		{300AB3BA-5DC7-4365-8B4D-38EFF772B361}.Release|Any CPU.Build.0 = Release|Any CPU
	EndGlobalSection
	GlobalSection(SolutionProperties) = preSolution
		HideSolutionNode = FALSE
	EndGlobalSection
EndGlobal
